// !$*UTF8*$!
{
	archiveVersion = 1;
	classes = {
	};
	objectVersion = 53;
	objects = {

/* Begin PBXBuildFile section */
		FF10D9DA2528271000011AA1 /* AppDelegate.swift in Sources */ = {isa = PBXBuildFile; fileRef = FF10D9D92528271000011AA1 /* AppDelegate.swift */; };
		FF10D9DC2528271000011AA1 /* SceneDelegate.swift in Sources */ = {isa = PBXBuildFile; fileRef = FF10D9DB2528271000011AA1 /* SceneDelegate.swift */; };
		FF10D9E12528271000011AA1 /* Main.storyboard in Resources */ = {isa = PBXBuildFile; fileRef = FF10D9DF2528271000011AA1 /* Main.storyboard */; };
		FF10D9E32528271100011AA1 /* Assets.xcassets in Resources */ = {isa = PBXBuildFile; fileRef = FF10D9E22528271100011AA1 /* Assets.xcassets */; };
		FF10D9E62528271100011AA1 /* LaunchScreen.storyboard in Resources */ = {isa = PBXBuildFile; fileRef = FF10D9E42528271100011AA1 /* LaunchScreen.storyboard */; };
		FF10D9EE25282B1000011AA1 /* PreviewView.swift in Sources */ = {isa = PBXBuildFile; fileRef = FF10D9ED25282B1000011AA1 /* PreviewView.swift */; };
		FF10D9F025282FEE00011AA1 /* VideoViewController.swift in Sources */ = {isa = PBXBuildFile; fileRef = FF10D9EF25282FEE00011AA1 /* VideoViewController.swift */; };
		FFA71EEA2551DE12002EDE85 /* DeviceTypeExtension.swift in Sources */ = {isa = PBXBuildFile; fileRef = FFA71EE92551DE12002EDE85 /* DeviceTypeExtension.swift */; };
		FFACEBD12548FC2C002ECD5F /* Constants.swift in Sources */ = {isa = PBXBuildFile; fileRef = FFACEBD02548FC2C002ECD5F /* Constants.swift */; };
		FFACEBD42548FE82002ECD5F /* Encoder.swift in Sources */ = {isa = PBXBuildFile; fileRef = FFACEBD32548FE82002ECD5F /* Encoder.swift */; };
		FFCCD2202529984500173F0B /* Decoder.swift in Sources */ = {isa = PBXBuildFile; fileRef = FFCCD21F2529984500173F0B /* Decoder.swift */; };
		FFCCD224252A4CF500173F0B /* Morse.swift in Sources */ = {isa = PBXBuildFile; fileRef = FFCCD223252A4CF500173F0B /* Morse.swift */; };
/* End PBXBuildFile section */

/* Begin PBXFileReference section */
		FF10D9D62528271000011AA1 /* Morse-Cam.app */ = {isa = PBXFileReference; explicitFileType = wrapper.application; includeInIndex = 0; path = "Morse-Cam.app"; sourceTree = BUILT_PRODUCTS_DIR; };
		FF10D9D92528271000011AA1 /* AppDelegate.swift */ = {isa = PBXFileReference; lastKnownFileType = sourcecode.swift; path = AppDelegate.swift; sourceTree = "<group>"; };
		FF10D9DB2528271000011AA1 /* SceneDelegate.swift */ = {isa = PBXFileReference; lastKnownFileType = sourcecode.swift; path = SceneDelegate.swift; sourceTree = "<group>"; };
		FF10D9E02528271000011AA1 /* Base */ = {isa = PBXFileReference; lastKnownFileType = file.storyboard; name = Base; path = Base.lproj/Main.storyboard; sourceTree = "<group>"; };
		FF10D9E22528271100011AA1 /* Assets.xcassets */ = {isa = PBXFileReference; lastKnownFileType = folder.assetcatalog; path = Assets.xcassets; sourceTree = "<group>"; };
		FF10D9E52528271100011AA1 /* Base */ = {isa = PBXFileReference; lastKnownFileType = file.storyboard; name = Base; path = Base.lproj/LaunchScreen.storyboard; sourceTree = "<group>"; };
		FF10D9E72528271100011AA1 /* Info.plist */ = {isa = PBXFileReference; lastKnownFileType = text.plist.xml; path = Info.plist; sourceTree = "<group>"; };
		FF10D9ED25282B1000011AA1 /* PreviewView.swift */ = {isa = PBXFileReference; fileEncoding = 4; lastKnownFileType = sourcecode.swift; path = PreviewView.swift; sourceTree = "<group>"; };
		FF10D9EF25282FEE00011AA1 /* VideoViewController.swift */ = {isa = PBXFileReference; fileEncoding = 4; lastKnownFileType = sourcecode.swift; path = VideoViewController.swift; sourceTree = "<group>"; };
		FFA71EE92551DE12002EDE85 /* DeviceTypeExtension.swift */ = {isa = PBXFileReference; lastKnownFileType = sourcecode.swift; path = DeviceTypeExtension.swift; sourceTree = "<group>"; };
		FFACEBD02548FC2C002ECD5F /* Constants.swift */ = {isa = PBXFileReference; lastKnownFileType = sourcecode.swift; path = Constants.swift; sourceTree = "<group>"; };
		FFACEBD32548FE82002ECD5F /* Encoder.swift */ = {isa = PBXFileReference; fileEncoding = 4; lastKnownFileType = sourcecode.swift; path = Encoder.swift; sourceTree = "<group>"; };
		FFCCD21F2529984500173F0B /* Decoder.swift */ = {isa = PBXFileReference; lastKnownFileType = sourcecode.swift; path = Decoder.swift; sourceTree = "<group>"; };
		FFCCD223252A4CF500173F0B /* Morse.swift */ = {isa = PBXFileReference; lastKnownFileType = sourcecode.swift; path = Morse.swift; sourceTree = "<group>"; };
/* End PBXFileReference section */

/* Begin PBXFrameworksBuildPhase section */
		FF10D9D32528271000011AA1 /* Frameworks */ = {
			isa = PBXFrameworksBuildPhase;
			buildActionMask = 2147483647;
			files = (
			);
			runOnlyForDeploymentPostprocessing = 0;
		};
/* End PBXFrameworksBuildPhase section */

/* Begin PBXGroup section */
		FF10D9CD2528271000011AA1 = {
			isa = PBXGroup;
			children = (
				FF10D9D82528271000011AA1 /* Morse-Cam */,
				FF10D9D72528271000011AA1 /* Products */,
			);
			sourceTree = "<group>";
		};
		FF10D9D72528271000011AA1 /* Products */ = {
			isa = PBXGroup;
			children = (
				FF10D9D62528271000011AA1 /* Morse-Cam.app */,
			);
			name = Products;
			sourceTree = "<group>";
		};
		FF10D9D82528271000011AA1 /* Morse-Cam */ = {
			isa = PBXGroup;
			children = (
				FF10D9EF25282FEE00011AA1 /* VideoViewController.swift */,
				FFCCD21F2529984500173F0B /* Decoder.swift */,
				FFACEBD32548FE82002ECD5F /* Encoder.swift */,
				FFACEBD02548FC2C002ECD5F /* Constants.swift */,
				FFCCD223252A4CF500173F0B /* Morse.swift */,
				FF10D9ED25282B1000011AA1 /* PreviewView.swift */,
				FF10D9DF2528271000011AA1 /* Main.storyboard */,
				FF10D9D92528271000011AA1 /* AppDelegate.swift */,
				FF10D9DB2528271000011AA1 /* SceneDelegate.swift */,
				FF10D9E42528271100011AA1 /* LaunchScreen.storyboard */,
				FF10D9E72528271100011AA1 /* Info.plist */,
				FF10D9E22528271100011AA1 /* Assets.xcassets */,
				FFA71EE92551DE12002EDE85 /* DeviceTypeExtension.swift */,
			);
			path = "Morse-Cam";
			sourceTree = "<group>";
		};
/* End PBXGroup section */

/* Begin PBXNativeTarget section */
		FF10D9D52528271000011AA1 /* Morse-Cam */ = {
			isa = PBXNativeTarget;
			buildConfigurationList = FF10D9EA2528271100011AA1 /* Build configuration list for PBXNativeTarget "Morse-Cam" */;
			buildPhases = (
				FF10D9D22528271000011AA1 /* Sources */,
				FF10D9D32528271000011AA1 /* Frameworks */,
				FF10D9D42528271000011AA1 /* Resources */,
			);
			buildRules = (
			);
			dependencies = (
			);
			name = "Morse-Cam";
			productName = FlashChat;
			productReference = FF10D9D62528271000011AA1 /* Morse-Cam.app */;
			productType = "com.apple.product-type.application";
		};
/* End PBXNativeTarget section */

/* Begin PBXProject section */
		FF10D9CE2528271000011AA1 /* Project object */ = {
			isa = PBXProject;
			attributes = {
				BuildIndependentTargetsInParallel = YES;
				LastSwiftUpdateCheck = 1140;
				LastUpgradeCheck = 1200;
				ORGANIZATIONNAME = bnwlkr;
				TargetAttributes = {
					FF10D9D52528271000011AA1 = {
						CreatedOnToolsVersion = 11.4;
					};
				};
			};
			buildConfigurationList = FF10D9D12528271000011AA1 /* Build configuration list for PBXProject "Morse-Cam" */;
			compatibilityVersion = "Xcode 9.3";
			developmentRegion = en;
			hasScannedForEncodings = 0;
			knownRegions = (
				en,
				Base,
			);
			mainGroup = FF10D9CD2528271000011AA1;
			productRefGroup = FF10D9D72528271000011AA1 /* Products */;
			projectDirPath = "";
			projectRoot = "";
			targets = (
				FF10D9D52528271000011AA1 /* Morse-Cam */,
			);
		};
/* End PBXProject section */

/* Begin PBXResourcesBuildPhase section */
		FF10D9D42528271000011AA1 /* Resources */ = {
			isa = PBXResourcesBuildPhase;
			buildActionMask = 2147483647;
			files = (
				FF10D9E62528271100011AA1 /* LaunchScreen.storyboard in Resources */,
				FF10D9E32528271100011AA1 /* Assets.xcassets in Resources */,
				FF10D9E12528271000011AA1 /* Main.storyboard in Resources */,
			);
			runOnlyForDeploymentPostprocessing = 0;
		};
/* End PBXResourcesBuildPhase section */

/* Begin PBXSourcesBuildPhase section */
		FF10D9D22528271000011AA1 /* Sources */ = {
			isa = PBXSourcesBuildPhase;
			buildActionMask = 2147483647;
			files = (
				FFA71EEA2551DE12002EDE85 /* DeviceTypeExtension.swift in Sources */,
				FFACEBD42548FE82002ECD5F /* Encoder.swift in Sources */,
				FFCCD224252A4CF500173F0B /* Morse.swift in Sources */,
				FF10D9EE25282B1000011AA1 /* PreviewView.swift in Sources */,
				FF10D9DA2528271000011AA1 /* AppDelegate.swift in Sources */,
				FF10D9F025282FEE00011AA1 /* VideoViewController.swift in Sources */,
				FFACEBD12548FC2C002ECD5F /* Constants.swift in Sources */,
				FFCCD2202529984500173F0B /* Decoder.swift in Sources */,
				FF10D9DC2528271000011AA1 /* SceneDelegate.swift in Sources */,
			);
			runOnlyForDeploymentPostprocessing = 0;
		};
/* End PBXSourcesBuildPhase section */

/* Begin PBXVariantGroup section */
		FF10D9DF2528271000011AA1 /* Main.storyboard */ = {
			isa = PBXVariantGroup;
			children = (
				FF10D9E02528271000011AA1 /* Base */,
			);
			name = Main.storyboard;
			sourceTree = "<group>";
		};
		FF10D9E42528271100011AA1 /* LaunchScreen.storyboard */ = {
			isa = PBXVariantGroup;
			children = (
				FF10D9E52528271100011AA1 /* Base */,
			);
			name = LaunchScreen.storyboard;
			sourceTree = "<group>";
		};
/* End PBXVariantGroup section */

/* Begin XCBuildConfiguration section */
		FF10D9E82528271100011AA1 /* Debug */ = {
			isa = XCBuildConfiguration;
			buildSettings = {
				ALWAYS_SEARCH_USER_PATHS = NO;
				CLANG_ANALYZER_NONNULL = YES;
				CLANG_ANALYZER_NUMBER_OBJECT_CONVERSION = YES_AGGRESSIVE;
				CLANG_CXX_LANGUAGE_STANDARD = "gnu++14";
				CLANG_CXX_LIBRARY = "libc++";
				CLANG_ENABLE_MODULES = YES;
				CLANG_ENABLE_OBJC_ARC = YES;
				CLANG_ENABLE_OBJC_WEAK = YES;
				CLANG_WARN_BLOCK_CAPTURE_AUTORELEASING = YES;
				CLANG_WARN_BOOL_CONVERSION = YES;
				CLANG_WARN_COMMA = YES;
				CLANG_WARN_CONSTANT_CONVERSION = YES;
				CLANG_WARN_DEPRECATED_OBJC_IMPLEMENTATIONS = YES;
				CLANG_WARN_DIRECT_OBJC_ISA_USAGE = YES_ERROR;
				CLANG_WARN_DOCUMENTATION_COMMENTS = YES;
				CLANG_WARN_EMPTY_BODY = YES;
				CLANG_WARN_ENUM_CONVERSION = YES;
				CLANG_WARN_INFINITE_RECURSION = YES;
				CLANG_WARN_INT_CONVERSION = YES;
				CLANG_WARN_NON_LITERAL_NULL_CONVERSION = YES;
				CLANG_WARN_OBJC_IMPLICIT_RETAIN_SELF = YES;
				CLANG_WARN_OBJC_LITERAL_CONVERSION = YES;
				CLANG_WARN_OBJC_ROOT_CLASS = YES_ERROR;
				CLANG_WARN_QUOTED_INCLUDE_IN_FRAMEWORK_HEADER = YES;
				CLANG_WARN_RANGE_LOOP_ANALYSIS = YES;
				CLANG_WARN_STRICT_PROTOTYPES = YES;
				CLANG_WARN_SUSPICIOUS_MOVE = YES;
				CLANG_WARN_UNGUARDED_AVAILABILITY = YES_AGGRESSIVE;
				CLANG_WARN_UNREACHABLE_CODE = YES;
				CLANG_WARN__DUPLICATE_METHOD_MATCH = YES;
				COPY_PHASE_STRIP = NO;
				DEBUG_INFORMATION_FORMAT = dwarf;
				ENABLE_STRICT_OBJC_MSGSEND = YES;
				ENABLE_TESTABILITY = YES;
				GCC_C_LANGUAGE_STANDARD = gnu11;
				GCC_DYNAMIC_NO_PIC = NO;
				GCC_NO_COMMON_BLOCKS = YES;
				GCC_OPTIMIZATION_LEVEL = 0;
				GCC_PREPROCESSOR_DEFINITIONS = (
					"DEBUG=1",
					"$(inherited)",
				);
				GCC_WARN_64_TO_32_BIT_CONVERSION = YES;
				GCC_WARN_ABOUT_RETURN_TYPE = YES_ERROR;
				GCC_WARN_UNDECLARED_SELECTOR = YES;
				GCC_WARN_UNINITIALIZED_AUTOS = YES_AGGRESSIVE;
				GCC_WARN_UNUSED_FUNCTION = YES;
				GCC_WARN_UNUSED_VARIABLE = YES;
				IPHONEOS_DEPLOYMENT_TARGET = 14.0;
				MTL_ENABLE_DEBUG_INFO = INCLUDE_SOURCE;
				MTL_FAST_MATH = YES;
				ONLY_ACTIVE_ARCH = YES;
				SDKROOT = iphoneos;
				SWIFT_ACTIVE_COMPILATION_CONDITIONS = DEBUG;
				SWIFT_OPTIMIZATION_LEVEL = "-Onone";
			};
			name = Debug;
		};
		FF10D9E92528271100011AA1 /* Release */ = {
			isa = XCBuildConfiguration;
			buildSettings = {
				ALWAYS_SEARCH_USER_PATHS = NO;
				CLANG_ANALYZER_NONNULL = YES;
				CLANG_ANALYZER_NUMBER_OBJECT_CONVERSION = YES_AGGRESSIVE;
				CLANG_CXX_LANGUAGE_STANDARD = "gnu++14";
				CLANG_CXX_LIBRARY = "libc++";
				CLANG_ENABLE_MODULES = YES;
				CLANG_ENABLE_OBJC_ARC = YES;
				CLANG_ENABLE_OBJC_WEAK = YES;
				CLANG_WARN_BLOCK_CAPTURE_AUTORELEASING = YES;
				CLANG_WARN_BOOL_CONVERSION = YES;
				CLANG_WARN_COMMA = YES;
				CLANG_WARN_CONSTANT_CONVERSION = YES;
				CLANG_WARN_DEPRECATED_OBJC_IMPLEMENTATIONS = YES;
				CLANG_WARN_DIRECT_OBJC_ISA_USAGE = YES_ERROR;
				CLANG_WARN_DOCUMENTATION_COMMENTS = YES;
				CLANG_WARN_EMPTY_BODY = YES;
				CLANG_WARN_ENUM_CONVERSION = YES;
				CLANG_WARN_INFINITE_RECURSION = YES;
				CLANG_WARN_INT_CONVERSION = YES;
				CLANG_WARN_NON_LITERAL_NULL_CONVERSION = YES;
				CLANG_WARN_OBJC_IMPLICIT_RETAIN_SELF = YES;
				CLANG_WARN_OBJC_LITERAL_CONVERSION = YES;
				CLANG_WARN_OBJC_ROOT_CLASS = YES_ERROR;
				CLANG_WARN_QUOTED_INCLUDE_IN_FRAMEWORK_HEADER = YES;
				CLANG_WARN_RANGE_LOOP_ANALYSIS = YES;
				CLANG_WARN_STRICT_PROTOTYPES = YES;
				CLANG_WARN_SUSPICIOUS_MOVE = YES;
				CLANG_WARN_UNGUARDED_AVAILABILITY = YES_AGGRESSIVE;
				CLANG_WARN_UNREACHABLE_CODE = YES;
				CLANG_WARN__DUPLICATE_METHOD_MATCH = YES;
				COPY_PHASE_STRIP = NO;
				DEBUG_INFORMATION_FORMAT = "dwarf-with-dsym";
				ENABLE_NS_ASSERTIONS = NO;
				ENABLE_STRICT_OBJC_MSGSEND = YES;
				GCC_C_LANGUAGE_STANDARD = gnu11;
				GCC_NO_COMMON_BLOCKS = YES;
				GCC_WARN_64_TO_32_BIT_CONVERSION = YES;
				GCC_WARN_ABOUT_RETURN_TYPE = YES_ERROR;
				GCC_WARN_UNDECLARED_SELECTOR = YES;
				GCC_WARN_UNINITIALIZED_AUTOS = YES_AGGRESSIVE;
				GCC_WARN_UNUSED_FUNCTION = YES;
				GCC_WARN_UNUSED_VARIABLE = YES;
				IPHONEOS_DEPLOYMENT_TARGET = 14.0;
				MTL_ENABLE_DEBUG_INFO = NO;
				MTL_FAST_MATH = YES;
				SDKROOT = iphoneos;
				SWIFT_COMPILATION_MODE = wholemodule;
				SWIFT_OPTIMIZATION_LEVEL = "-O";
				VALIDATE_PRODUCT = YES;
			};
			name = Release;
		};
		FF10D9EB2528271100011AA1 /* Debug */ = {
			isa = XCBuildConfiguration;
			buildSettings = {
				ASSETCATALOG_COMPILER_APPICON_NAME = AppIcon;
				CODE_SIGN_STYLE = Automatic;
				CURRENT_PROJECT_VERSION = 3;
				DEVELOPMENT_TEAM = T7ST5D3QZ2;
				INFOPLIST_FILE = "$(SRCROOT)/Morse-Cam/Info.plist";
				IPHONEOS_DEPLOYMENT_TARGET = 13.0;
				LD_RUNPATH_SEARCH_PATHS = (
					"$(inherited)",
					"@executable_path/Frameworks",
				);
				PRODUCT_BUNDLE_IDENTIFIER = "bnwlkr.Morse-Cam";
				PRODUCT_NAME = "$(TARGET_NAME)";
				SWIFT_VERSION = 5.0;
				TARGETED_DEVICE_FAMILY = "1,2";
			};
			name = Debug;
		};
		FF10D9EC2528271100011AA1 /* Release */ = {
			isa = XCBuildConfiguration;
			buildSettings = {
				ASSETCATALOG_COMPILER_APPICON_NAME = AppIcon;
				CODE_SIGN_STYLE = Automatic;
				CURRENT_PROJECT_VERSION = 3;
				DEVELOPMENT_TEAM = T7ST5D3QZ2;
				INFOPLIST_FILE = "$(SRCROOT)/Morse-Cam/Info.plist";
				IPHONEOS_DEPLOYMENT_TARGET = 13.0;
				LD_RUNPATH_SEARCH_PATHS = (
					"$(inherited)",
					"@executable_path/Frameworks",
				);
				PRODUCT_BUNDLE_IDENTIFIER = "bnwlkr.Morse-Cam";
				PRODUCT_NAME = "$(TARGET_NAME)";
				SWIFT_VERSION = 5.0;
				TARGETED_DEVICE_FAMILY = "1,2";
			};
			name = Release;
		};
/* End XCBuildConfiguration section */

/* Begin XCConfigurationList section */
		FF10D9D12528271000011AA1 /* Build configuration list for PBXProject "Morse-Cam" */ = {
			isa = XCConfigurationList;
			buildConfigurations = (
				FF10D9E82528271100011AA1 /* Debug */,
				FF10D9E92528271100011AA1 /* Release */,
			);
			defaultConfigurationIsVisible = 0;
			defaultConfigurationName = Release;
		};
		FF10D9EA2528271100011AA1 /* Build configuration list for PBXNativeTarget "Morse-Cam" */ = {
			isa = XCConfigurationList;
			buildConfigurations = (
				FF10D9EB2528271100011AA1 /* Debug */,
				FF10D9EC2528271100011AA1 /* Release */,
			);
			defaultConfigurationIsVisible = 0;
			defaultConfigurationName = Release;
		};
/* End XCConfigurationList section */
	};
	rootObject = FF10D9CE2528271000011AA1 /* Project object */;
}
